
Microsoft Visual Studio Solution File, Format Version 12.00
# Visual Studio 15
VisualStudioVersion = 15.0.27004.2006
MinimumVisualStudioVersion = 10.0.40219.1
Project("{FAE04EC0-301F-11D3-BF4B-00C04F79EFBC}") = "webservice", "webservice\webservice.csproj", "{8FB1E0DA-7AEF-4738-BC83-82673E84FABE}"
EndProject
Global
	GlobalSection(SolutionConfigurationPlatforms) = preSolution
		Debug|Any CPU = Debug|Any CPU
		Release|Any CPU = Release|Any CPU
	EndGlobalSection
	GlobalSection(ProjectConfigurationPlatforms) = postSolution
		{8FB1E0DA-7AEF-4738-BC83-82673E84FABE}.Debug|Any CPU.ActiveCfg = Debug|Any CPU
		{8FB1E0DA-7AEF-4738-BC83-82673E84FABE}.Debug|Any CPU.Build.0 = Debug|Any CPU
		{8FB1E0DA-7AEF-4738-BC83-82673E84FABE}.Release|Any CPU.ActiveCfg = Release|Any CPU
		{8FB1E0DA-7AEF-4738-BC83-82673E84FABE}.Release|Any CPU.Build.0 = Release|Any CPU
	EndGlobalSection
	GlobalSection(SolutionProperties) = preSolution
		HideSolutionNode = FALSE
	EndGlobalSection
	GlobalSection(ExtensibilityGlobals) = postSolution
		SolutionGuid = {14D594A2-D4DE-4082-94B8-4C612DC99D95}
	EndGlobalSection
EndGlobal
